
Microsoft Visual Studio Solution File, Format Version 12.00
# Visual Studio 15
VisualStudioVersion = 15.0.28010.2026
MinimumVisualStudioVersion = 10.0.40219.1
Project("{FAE04EC0-301F-11D3-BF4B-00C04F79EFBC}") = "TestCode", "TestCode\TestCode.csproj", "{6863A867-8B8C-4B8E-A713-B5EA1022949A}"
EndProject
Global
	GlobalSection(SolutionConfigurationPlatforms) = preSolution
		Debug|Any CPU = Debug|Any CPU
		Release|Any CPU = Release|Any CPU
	EndGlobalSection
	GlobalSection(ProjectConfigurationPlatforms) = postSolution
		{6863A867-8B8C-4B8E-A713-B5EA1022949A}.Debug|Any CPU.ActiveCfg = Debug|Any CPU
		{6863A867-8B8C-4B8E-A713-B5EA1022949A}.Debug|Any CPU.Build.0 = Debug|Any CPU
		{6863A867-8B8C-4B8E-A713-B5EA1022949A}.Release|Any CPU.ActiveCfg = Release|Any CPU
		{6863A867-8B8C-4B8E-A713-B5EA1022949A}.Release|Any CPU.Build.0 = Release|Any CPU
	EndGlobalSection
	GlobalSection(SolutionProperties) = preSolution
		HideSolutionNode = FALSE
	EndGlobalSection
	GlobalSection(ExtensibilityGlobals) = postSolution
		SolutionGuid = {D1DB5AF6-BBF6-4080-B712-49ED96879EC7}
	EndGlobalSection
EndGlobal
